PODS:
  - SDWebImage (5.0.6):
    - SDWebImage/Core (= 5.0.6)
  - SDWebImage/Core (5.0.6)

DEPENDENCIES:
  - SDWebImage

SPEC REPOS:
  https://github.com/cocoapods/specs.git:
    - SDWebImage

SPEC CHECKSUMS:
  SDWebImage: 920f1a2ff1ca8296ad34f6e0510a1ef1d70ac965

PODFILE CHECKSUM: 718fe8a09b76d3ed6c80be65765387ab15fef650

COCOAPODS: 1.5.3
