// !$*UTF8*$!
{
	archiveVersion = 1;
	classes = {
	};
	objectVersion = 50;
	objects = {

/* Begin PBXBuildFile section */
		6F286BB12410B712001DBC08 /* AppDelegate.swift in Sources */ = {isa = PBXBuildFile; fileRef = 6F286BB02410B712001DBC08 /* AppDelegate.swift */; };
		6F286BB32410B712001DBC08 /* SceneDelegate.swift in Sources */ = {isa = PBXBuildFile; fileRef = 6F286BB22410B712001DBC08 /* SceneDelegate.swift */; };
		6F286BB52410B712001DBC08 /* ViewController.swift in Sources */ = {isa = PBXBuildFile; fileRef = 6F286BB42410B712001DBC08 /* ViewController.swift */; };
		6F286BB82410B712001DBC08 /* Main.storyboard in Resources */ = {isa = PBXBuildFile; fileRef = 6F286BB62410B712001DBC08 /* Main.storyboard */; };
		6F286BBA2410B713001DBC08 /* Assets.xcassets in Resources */ = {isa = PBXBuildFile; fileRef = 6F286BB92410B713001DBC08 /* Assets.xcassets */; };
		6F286BBD2410B713001DBC08 /* LaunchScreen.storyboard in Resources */ = {isa = PBXBuildFile; fileRef = 6F286BBB2410B713001DBC08 /* LaunchScreen.storyboard */; };
		6F286BC82410B713001DBC08 /* UnloadTests.swift in Sources */ = {isa = PBXBuildFile; fileRef = 6F286BC72410B713001DBC08 /* UnloadTests.swift */; };
		6F286BD32410B713001DBC08 /* UnloadUITests.swift in Sources */ = {isa = PBXBuildFile; fileRef = 6F286BD22410B713001DBC08 /* UnloadUITests.swift */; };
/* End PBXBuildFile section */

/* Begin PBXContainerItemProxy section */
		6F286BC42410B713001DBC08 /* PBXContainerItemProxy */ = {
			isa = PBXContainerItemProxy;
			containerPortal = 6F286BA52410B711001DBC08 /* Project object */;
			proxyType = 1;
			remoteGlobalIDString = 6F286BAC2410B712001DBC08;
			remoteInfo = Unload;
		};
		6F286BCF2410B713001DBC08 /* PBXContainerItemProxy */ = {
			isa = PBXContainerItemProxy;
			containerPortal = 6F286BA52410B711001DBC08 /* Project object */;
			proxyType = 1;
			remoteGlobalIDString = 6F286BAC2410B712001DBC08;
			remoteInfo = Unload;
		};
/* End PBXContainerItemProxy section */

/* Begin PBXFileReference section */
		6F286BAD2410B712001DBC08 /* Unload.app */ = {isa = PBXFileReference; explicitFileType = wrapper.application; includeInIndex = 0; path = Unload.app; sourceTree = BUILT_PRODUCTS_DIR; };
		6F286BB02410B712001DBC08 /* AppDelegate.swift */ = {isa = PBXFileReference; lastKnownFileType = sourcecode.swift; path = AppDelegate.swift; sourceTree = "<group>"; };
		6F286BB22410B712001DBC08 /* SceneDelegate.swift */ = {isa = PBXFileReference; lastKnownFileType = sourcecode.swift; path = SceneDelegate.swift; sourceTree = "<group>"; };
		6F286BB42410B712001DBC08 /* ViewController.swift */ = {isa = PBXFileReference; lastKnownFileType = sourcecode.swift; path = ViewController.swift; sourceTree = "<group>"; };
		6F286BB72410B712001DBC08 /* Base */ = {isa = PBXFileReference; lastKnownFileType = file.storyboard; name = Base; path = Base.lproj/Main.storyboard; sourceTree = "<group>"; };
		6F286BB92410B713001DBC08 /* Assets.xcassets */ = {isa = PBXFileReference; lastKnownFileType = folder.assetcatalog; path = Assets.xcassets; sourceTree = "<group>"; };
		6F286BBC2410B713001DBC08 /* Base */ = {isa = PBXFileReference; lastKnownFileType = file.storyboard; name = Base; path = Base.lproj/LaunchScreen.storyboard; sourceTree = "<group>"; };
		6F286BBE2410B713001DBC08 /* Info.plist */ = {isa = PBXFileReference; lastKnownFileType = text.plist.xml; path = Info.plist; sourceTree = "<group>"; };
		6F286BC32410B713001DBC08 /* UnloadTests.xctest */ = {isa = PBXFileReference; explicitFileType = wrapper.cfbundle; includeInIndex = 0; path = UnloadTests.xctest; sourceTree = BUILT_PRODUCTS_DIR; };
		6F286BC72410B713001DBC08 /* UnloadTests.swift */ = {isa = PBXFileReference; lastKnownFileType = sourcecode.swift; path = UnloadTests.swift; sourceTree = "<group>"; };
		6F286BC92410B713001DBC08 /* Info.plist */ = {isa = PBXFileReference; lastKnownFileType = text.plist.xml; path = Info.plist; sourceTree = "<group>"; };
		6F286BCE2410B713001DBC08 /* UnloadUITests.xctest */ = {isa = PBXFileReference; explicitFileType = wrapper.cfbundle; includeInIndex = 0; path = UnloadUITests.xctest; sourceTree = BUILT_PRODUCTS_DIR; };
		6F286BD22410B713001DBC08 /* UnloadUITests.swift */ = {isa = PBXFileReference; lastKnownFileType = sourcecode.swift; path = UnloadUITests.swift; sourceTree = "<group>"; };
		6F286BD42410B713001DBC08 /* Info.plist */ = {isa = PBXFileReference; lastKnownFileType = text.plist.xml; path = Info.plist; sourceTree = "<group>"; };
/* End PBXFileReference section */

/* Begin PBXFrameworksBuildPhase section */
		6F286BAA2410B712001DBC08 /* Frameworks */ = {
			isa = PBXFrameworksBuildPhase;
			buildActionMask = 2147483647;
			files = (
			);
			runOnlyForDeploymentPostprocessing = 0;
		};
		6F286BC02410B713001DBC08 /* Frameworks */ = {
			isa = PBXFrameworksBuildPhase;
			buildActionMask = 2147483647;
			files = (
			);
			runOnlyForDeploymentPostprocessing = 0;
		};
		6F286BCB2410B713001DBC08 /* Frameworks */ = {
			isa = PBXFrameworksBuildPhase;
			buildActionMask = 2147483647;
			files = (
			);
			runOnlyForDeploymentPostprocessing = 0;
		};
/* End PBXFrameworksBuildPhase section */

/* Begin PBXGroup section */
		6F286BA42410B711001DBC08 = {
			isa = PBXGroup;
			children = (
				6F286BAF2410B712001DBC08 /* Unload */,
				6F286BC62410B713001DBC08 /* UnloadTests */,
				6F286BD12410B713001DBC08 /* UnloadUITests */,
				6F286BAE2410B712001DBC08 /* Products */,
			);
			sourceTree = "<group>";
		};
		6F286BAE2410B712001DBC08 /* Products */ = {
			isa = PBXGroup;
			children = (
				6F286BAD2410B712001DBC08 /* Unload.app */,
				6F286BC32410B713001DBC08 /* UnloadTests.xctest */,
				6F286BCE2410B713001DBC08 /* UnloadUITests.xctest */,
			);
			name = Products;
			sourceTree = "<group>";
		};
		6F286BAF2410B712001DBC08 /* Unload */ = {
			isa = PBXGroup;
			children = (
				6F286BB02410B712001DBC08 /* AppDelegate.swift */,
				6F286BB22410B712001DBC08 /* SceneDelegate.swift */,
				6F286BB42410B712001DBC08 /* ViewController.swift */,
				6F286BB62410B712001DBC08 /* Main.storyboard */,
				6F286BB92410B713001DBC08 /* Assets.xcassets */,
				6F286BBB2410B713001DBC08 /* LaunchScreen.storyboard */,
				6F286BBE2410B713001DBC08 /* Info.plist */,
			);
			path = Unload;
			sourceTree = "<group>";
		};
		6F286BC62410B713001DBC08 /* UnloadTests */ = {
			isa = PBXGroup;
			children = (
				6F286BC72410B713001DBC08 /* UnloadTests.swift */,
				6F286BC92410B713001DBC08 /* Info.plist */,
			);
			path = UnloadTests;
			sourceTree = "<group>";
		};
		6F286BD12410B713001DBC08 /* UnloadUITests */ = {
			isa = PBXGroup;
			children = (
				6F286BD22410B713001DBC08 /* UnloadUITests.swift */,
				6F286BD42410B713001DBC08 /* Info.plist */,
			);
			path = UnloadUITests;
			sourceTree = "<group>";
		};
/* End PBXGroup section */

/* Begin PBXNativeTarget section */
		6F286BAC2410B712001DBC08 /* Unload */ = {
			isa = PBXNativeTarget;
			buildConfigurationList = 6F286BD72410B713001DBC08 /* Build configuration list for PBXNativeTarget "Unload" */;
			buildPhases = (
				6F286BA92410B712001DBC08 /* Sources */,
				6F286BAA2410B712001DBC08 /* Frameworks */,
				6F286BAB2410B712001DBC08 /* Resources */,
			);
			buildRules = (
			);
			dependencies = (
			);
			name = Unload;
			productName = Unload;
			productReference = 6F286BAD2410B712001DBC08 /* Unload.app */;
			productType = "com.apple.product-type.application";
		};
		6F286BC22410B713001DBC08 /* UnloadTests */ = {
			isa = PBXNativeTarget;
			buildConfigurationList = 6F286BDA2410B713001DBC08 /* Build configuration list for PBXNativeTarget "UnloadTests" */;
			buildPhases = (
				6F286BBF2410B713001DBC08 /* Sources */,
				6F286BC02410B713001DBC08 /* Frameworks */,
				6F286BC12410B713001DBC08 /* Resources */,
			);
			buildRules = (
			);
			dependencies = (
				6F286BC52410B713001DBC08 /* PBXTargetDependency */,
			);
			name = UnloadTests;
			productName = UnloadTests;
			productReference = 6F286BC32410B713001DBC08 /* UnloadTests.xctest */;
			productType = "com.apple.product-type.bundle.unit-test";
		};
		6F286BCD2410B713001DBC08 /* UnloadUITests */ = {
			isa = PBXNativeTarget;
			buildConfigurationList = 6F286BDD2410B713001DBC08 /* Build configuration list for PBXNativeTarget "UnloadUITests" */;
			buildPhases = (
				6F286BCA2410B713001DBC08 /* Sources */,
				6F286BCB2410B713001DBC08 /* Frameworks */,
				6F286BCC2410B713001DBC08 /* Resources */,
			);
			buildRules = (
			);
			dependencies = (
				6F286BD02410B713001DBC08 /* PBXTargetDependency */,
			);
			name = UnloadUITests;
			productName = UnloadUITests;
			productReference = 6F286BCE2410B713001DBC08 /* UnloadUITests.xctest */;
			productType = "com.apple.product-type.bundle.ui-testing";
		};
/* End PBXNativeTarget section */

/* Begin PBXProject section */
		6F286BA52410B711001DBC08 /* Project object */ = {
			isa = PBXProject;
			attributes = {
				LastSwiftUpdateCheck = 1130;
				LastUpgradeCheck = 1130;
				ORGANIZATIONNAME = "Cagan Sevencan";
				TargetAttributes = {
					6F286BAC2410B712001DBC08 = {
						CreatedOnToolsVersion = 11.3.1;
					};
					6F286BC22410B713001DBC08 = {
						CreatedOnToolsVersion = 11.3.1;
						TestTargetID = 6F286BAC2410B712001DBC08;
					};
					6F286BCD2410B713001DBC08 = {
						CreatedOnToolsVersion = 11.3.1;
						TestTargetID = 6F286BAC2410B712001DBC08;
					};
				};
			};
			buildConfigurationList = 6F286BA82410B711001DBC08 /* Build configuration list for PBXProject "Unload" */;
			compatibilityVersion = "Xcode 9.3";
			developmentRegion = en;
			hasScannedForEncodings = 0;
			knownRegions = (
				en,
				Base,
			);
			mainGroup = 6F286BA42410B711001DBC08;
			productRefGroup = 6F286BAE2410B712001DBC08 /* Products */;
			projectDirPath = "";
			projectRoot = "";
			targets = (
				6F286BAC2410B712001DBC08 /* Unload */,
				6F286BC22410B713001DBC08 /* UnloadTests */,
				6F286BCD2410B713001DBC08 /* UnloadUITests */,
			);
		};
/* End PBXProject section */

/* Begin PBXResourcesBuildPhase section */
		6F286BAB2410B712001DBC08 /* Resources */ = {
			isa = PBXResourcesBuildPhase;
			buildActionMask = 2147483647;
			files = (
				6F286BBD2410B713001DBC08 /* LaunchScreen.storyboard in Resources */,
				6F286BBA2410B713001DBC08 /* Assets.xcassets in Resources */,
				6F286BB82410B712001DBC08 /* Main.storyboard in Resources */,
			);
			runOnlyForDeploymentPostprocessing = 0;
		};
		6F286BC12410B713001DBC08 /* Resources */ = {
			isa = PBXResourcesBuildPhase;
			buildActionMask = 2147483647;
			files = (
			);
			runOnlyForDeploymentPostprocessing = 0;
		};
		6F286BCC2410B713001DBC08 /* Resources */ = {
			isa = PBXResourcesBuildPhase;
			buildActionMask = 2147483647;
			files = (
			);
			runOnlyForDeploymentPostprocessing = 0;
		};
/* End PBXResourcesBuildPhase section */

/* Begin PBXSourcesBuildPhase section */
		6F286BA92410B712001DBC08 /* Sources */ = {
			isa = PBXSourcesBuildPhase;
			buildActionMask = 2147483647;
			files = (
				6F286BB52410B712001DBC08 /* ViewController.swift in Sources */,
				6F286BB12410B712001DBC08 /* AppDelegate.swift in Sources */,
				6F286BB32410B712001DBC08 /* SceneDelegate.swift in Sources */,
			);
			runOnlyForDeploymentPostprocessing = 0;
		};
		6F286BBF2410B713001DBC08 /* Sources */ = {
			isa = PBXSourcesBuildPhase;
			buildActionMask = 2147483647;
			files = (
				6F286BC82410B713001DBC08 /* UnloadTests.swift in Sources */,
			);
			runOnlyForDeploymentPostprocessing = 0;
		};
		6F286BCA2410B713001DBC08 /* Sources */ = {
			isa = PBXSourcesBuildPhase;
			buildActionMask = 2147483647;
			files = (
				6F286BD32410B713001DBC08 /* UnloadUITests.swift in Sources */,
			);
			runOnlyForDeploymentPostprocessing = 0;
		};
/* End PBXSourcesBuildPhase section */

/* Begin PBXTargetDependency section */
		6F286BC52410B713001DBC08 /* PBXTargetDependency */ = {
			isa = PBXTargetDependency;
			target = 6F286BAC2410B712001DBC08 /* Unload */;
			targetProxy = 6F286BC42410B713001DBC08 /* PBXContainerItemProxy */;
		};
		6F286BD02410B713001DBC08 /* PBXTargetDependency */ = {
			isa = PBXTargetDependency;
			target = 6F286BAC2410B712001DBC08 /* Unload */;
			targetProxy = 6F286BCF2410B713001DBC08 /* PBXContainerItemProxy */;
		};
/* End PBXTargetDependency section */

/* Begin PBXVariantGroup section */
		6F286BB62410B712001DBC08 /* Main.storyboard */ = {
			isa = PBXVariantGroup;
			children = (
				6F286BB72410B712001DBC08 /* Base */,
			);
			name = Main.storyboard;
			sourceTree = "<group>";
		};
		6F286BBB2410B713001DBC08 /* LaunchScreen.storyboard */ = {
			isa = PBXVariantGroup;
			children = (
				6F286BBC2410B713001DBC08 /* Base */,
			);
			name = LaunchScreen.storyboard;
			sourceTree = "<group>";
		};
/* End PBXVariantGroup section */

/* Begin XCBuildConfiguration section */
		6F286BD52410B713001DBC08 /* Debug */ = {
			isa = XCBuildConfiguration;
			buildSettings = {
				ALWAYS_SEARCH_USER_PATHS = NO;
				CLANG_ANALYZER_NONNULL = YES;
				CLANG_ANALYZER_NUMBER_OBJECT_CONVERSION = YES_AGGRESSIVE;
				CLANG_CXX_LANGUAGE_STANDARD = "gnu++14";
				CLANG_CXX_LIBRARY = "libc++";
				CLANG_ENABLE_MODULES = YES;
				CLANG_ENABLE_OBJC_ARC = YES;
				CLANG_ENABLE_OBJC_WEAK = YES;
				CLANG_WARN_BLOCK_CAPTURE_AUTORELEASING = YES;
				CLANG_WARN_BOOL_CONVERSION = YES;
				CLANG_WARN_COMMA = YES;
				CLANG_WARN_CONSTANT_CONVERSION = YES;
				CLANG_WARN_DEPRECATED_OBJC_IMPLEMENTATIONS = YES;
				CLANG_WARN_DIRECT_OBJC_ISA_USAGE = YES_ERROR;
				CLANG_WARN_DOCUMENTATION_COMMENTS = YES;
				CLANG_WARN_EMPTY_BODY = YES;
				CLANG_WARN_ENUM_CONVERSION = YES;
				CLANG_WARN_INFINITE_RECURSION = YES;
				CLANG_WARN_INT_CONVERSION = YES;
				CLANG_WARN_NON_LITERAL_NULL_CONVERSION = YES;
				CLANG_WARN_OBJC_IMPLICIT_RETAIN_SELF = YES;
				CLANG_WARN_OBJC_LITERAL_CONVERSION = YES;
				CLANG_WARN_OBJC_ROOT_CLASS = YES_ERROR;
				CLANG_WARN_RANGE_LOOP_ANALYSIS = YES;
				CLANG_WARN_STRICT_PROTOTYPES = YES;
				CLANG_WARN_SUSPICIOUS_MOVE = YES;
				CLANG_WARN_UNGUARDED_AVAILABILITY = YES_AGGRESSIVE;
				CLANG_WARN_UNREACHABLE_CODE = YES;
				CLANG_WARN__DUPLICATE_METHOD_MATCH = YES;
				COPY_PHASE_STRIP = NO;
				DEBUG_INFORMATION_FORMAT = dwarf;
				ENABLE_STRICT_OBJC_MSGSEND = YES;
				ENABLE_TESTABILITY = YES;
				GCC_C_LANGUAGE_STANDARD = gnu11;
				GCC_DYNAMIC_NO_PIC = NO;
				GCC_NO_COMMON_BLOCKS = YES;
				GCC_OPTIMIZATION_LEVEL = 0;
				GCC_PREPROCESSOR_DEFINITIONS = (
					"DEBUG=1",
					"$(inherited)",
				);
				GCC_WARN_64_TO_32_BIT_CONVERSION = YES;
				GCC_WARN_ABOUT_RETURN_TYPE = YES_ERROR;
				GCC_WARN_UNDECLARED_SELECTOR = YES;
				GCC_WARN_UNINITIALIZED_AUTOS = YES_AGGRESSIVE;
				GCC_WARN_UNUSED_FUNCTION = YES;
				GCC_WARN_UNUSED_VARIABLE = YES;
				IPHONEOS_DEPLOYMENT_TARGET = 13.2;
				MTL_ENABLE_DEBUG_INFO = INCLUDE_SOURCE;
				MTL_FAST_MATH = YES;
				ONLY_ACTIVE_ARCH = YES;
				SDKROOT = iphoneos;
				SWIFT_ACTIVE_COMPILATION_CONDITIONS = DEBUG;
				SWIFT_OPTIMIZATION_LEVEL = "-Onone";
			};
			name = Debug;
		};
		6F286BD62410B713001DBC08 /* Release */ = {
			isa = XCBuildConfiguration;
			buildSettings = {
				ALWAYS_SEARCH_USER_PATHS = NO;
				CLANG_ANALYZER_NONNULL = YES;
				CLANG_ANALYZER_NUMBER_OBJECT_CONVERSION = YES_AGGRESSIVE;
				CLANG_CXX_LANGUAGE_STANDARD = "gnu++14";
				CLANG_CXX_LIBRARY = "libc++";
				CLANG_ENABLE_MODULES = YES;
				CLANG_ENABLE_OBJC_ARC = YES;
				CLANG_ENABLE_OBJC_WEAK = YES;
				CLANG_WARN_BLOCK_CAPTURE_AUTORELEASING = YES;
				CLANG_WARN_BOOL_CONVERSION = YES;
				CLANG_WARN_COMMA = YES;
				CLANG_WARN_CONSTANT_CONVERSION = YES;
				CLANG_WARN_DEPRECATED_OBJC_IMPLEMENTATIONS = YES;
				CLANG_WARN_DIRECT_OBJC_ISA_USAGE = YES_ERROR;
				CLANG_WARN_DOCUMENTATION_COMMENTS = YES;
				CLANG_WARN_EMPTY_BODY = YES;
				CLANG_WARN_ENUM_CONVERSION = YES;
				CLANG_WARN_INFINITE_RECURSION = YES;
				CLANG_WARN_INT_CONVERSION = YES;
				CLANG_WARN_NON_LITERAL_NULL_CONVERSION = YES;
				CLANG_WARN_OBJC_IMPLICIT_RETAIN_SELF = YES;
				CLANG_WARN_OBJC_LITERAL_CONVERSION = YES;
				CLANG_WARN_OBJC_ROOT_CLASS = YES_ERROR;
				CLANG_WARN_RANGE_LOOP_ANALYSIS = YES;
				CLANG_WARN_STRICT_PROTOTYPES = YES;
				CLANG_WARN_SUSPICIOUS_MOVE = YES;
				CLANG_WARN_UNGUARDED_AVAILABILITY = YES_AGGRESSIVE;
				CLANG_WARN_UNREACHABLE_CODE = YES;
				CLANG_WARN__DUPLICATE_METHOD_MATCH = YES;
				COPY_PHASE_STRIP = NO;
				DEBUG_INFORMATION_FORMAT = "dwarf-with-dsym";
				ENABLE_NS_ASSERTIONS = NO;
				ENABLE_STRICT_OBJC_MSGSEND = YES;
				GCC_C_LANGUAGE_STANDARD = gnu11;
				GCC_NO_COMMON_BLOCKS = YES;
				GCC_WARN_64_TO_32_BIT_CONVERSION = YES;
				GCC_WARN_ABOUT_RETURN_TYPE = YES_ERROR;
				GCC_WARN_UNDECLARED_SELECTOR = YES;
				GCC_WARN_UNINITIALIZED_AUTOS = YES_AGGRESSIVE;
				GCC_WARN_UNUSED_FUNCTION = YES;
				GCC_WARN_UNUSED_VARIABLE = YES;
				IPHONEOS_DEPLOYMENT_TARGET = 13.2;
				MTL_ENABLE_DEBUG_INFO = NO;
				MTL_FAST_MATH = YES;
				SDKROOT = iphoneos;
				SWIFT_COMPILATION_MODE = wholemodule;
				SWIFT_OPTIMIZATION_LEVEL = "-O";
				VALIDATE_PRODUCT = YES;
			};
			name = Release;
		};
		6F286BD82410B713001DBC08 /* Debug */ = {
			isa = XCBuildConfiguration;
			buildSettings = {
				ASSETCATALOG_COMPILER_APPICON_NAME = AppIcon;
				CODE_SIGN_STYLE = Automatic;
				INFOPLIST_FILE = Unload/Info.plist;
				LD_RUNPATH_SEARCH_PATHS = (
					"$(inherited)",
					"@executable_path/Frameworks",
				);
				PRODUCT_BUNDLE_IDENTIFIER = bubblegum.Unload;
				PRODUCT_NAME = "$(TARGET_NAME)";
				SWIFT_VERSION = 5.0;
				TARGETED_DEVICE_FAMILY = "1,2";
			};
			name = Debug;
		};
		6F286BD92410B713001DBC08 /* Release */ = {
			isa = XCBuildConfiguration;
			buildSettings = {
				ASSETCATALOG_COMPILER_APPICON_NAME = AppIcon;
				CODE_SIGN_STYLE = Automatic;
				INFOPLIST_FILE = Unload/Info.plist;
				LD_RUNPATH_SEARCH_PATHS = (
					"$(inherited)",
					"@executable_path/Frameworks",
				);
				PRODUCT_BUNDLE_IDENTIFIER = bubblegum.Unload;
				PRODUCT_NAME = "$(TARGET_NAME)";
				SWIFT_VERSION = 5.0;
				TARGETED_DEVICE_FAMILY = "1,2";
			};
			name = Release;
		};
		6F286BDB2410B713001DBC08 /* Debug */ = {
			isa = XCBuildConfiguration;
			buildSettings = {
				ALWAYS_EMBED_SWIFT_STANDARD_LIBRARIES = YES;
				BUNDLE_LOADER = "$(TEST_HOST)";
				CODE_SIGN_STYLE = Automatic;
				INFOPLIST_FILE = UnloadTests/Info.plist;
				IPHONEOS_DEPLOYMENT_TARGET = 13.2;
				LD_RUNPATH_SEARCH_PATHS = (
					"$(inherited)",
					"@executable_path/Frameworks",
					"@loader_path/Frameworks",
				);
				PRODUCT_BUNDLE_IDENTIFIER = bubblegum.UnloadTests;
				PRODUCT_NAME = "$(TARGET_NAME)";
				SWIFT_VERSION = 5.0;
				TARGETED_DEVICE_FAMILY = "1,2";
				TEST_HOST = "$(BUILT_PRODUCTS_DIR)/Unload.app/Unload";
			};
			name = Debug;
		};
		6F286BDC2410B713001DBC08 /* Release */ = {
			isa = XCBuildConfiguration;
			buildSettings = {
				ALWAYS_EMBED_SWIFT_STANDARD_LIBRARIES = YES;
				BUNDLE_LOADER = "$(TEST_HOST)";
				CODE_SIGN_STYLE = Automatic;
				INFOPLIST_FILE = UnloadTests/Info.plist;
				IPHONEOS_DEPLOYMENT_TARGET = 13.2;
				LD_RUNPATH_SEARCH_PATHS = (
					"$(inherited)",
					"@executable_path/Frameworks",
					"@loader_path/Frameworks",
				);
				PRODUCT_BUNDLE_IDENTIFIER = bubblegum.UnloadTests;
				PRODUCT_NAME = "$(TARGET_NAME)";
				SWIFT_VERSION = 5.0;
				TARGETED_DEVICE_FAMILY = "1,2";
				TEST_HOST = "$(BUILT_PRODUCTS_DIR)/Unload.app/Unload";
			};
			name = Release;
		};
		6F286BDE2410B713001DBC08 /* Debug */ = {
			isa = XCBuildConfiguration;
			buildSettings = {
				ALWAYS_EMBED_SWIFT_STANDARD_LIBRARIES = YES;
				CODE_SIGN_STYLE = Automatic;
				INFOPLIST_FILE = UnloadUITests/Info.plist;
				LD_RUNPATH_SEARCH_PATHS = (
					"$(inherited)",
					"@executable_path/Frameworks",
					"@loader_path/Frameworks",
				);
				PRODUCT_BUNDLE_IDENTIFIER = bubblegum.UnloadUITests;
				PRODUCT_NAME = "$(TARGET_NAME)";
				SWIFT_VERSION = 5.0;
				TARGETED_DEVICE_FAMILY = "1,2";
				TEST_TARGET_NAME = Unload;
			};
			name = Debug;
		};
		6F286BDF2410B713001DBC08 /* Release */ = {
			isa = XCBuildConfiguration;
			buildSettings = {
				ALWAYS_EMBED_SWIFT_STANDARD_LIBRARIES = YES;
				CODE_SIGN_STYLE = Automatic;
				INFOPLIST_FILE = UnloadUITests/Info.plist;
				LD_RUNPATH_SEARCH_PATHS = (
					"$(inherited)",
					"@executable_path/Frameworks",
					"@loader_path/Frameworks",
				);
				PRODUCT_BUNDLE_IDENTIFIER = bubblegum.UnloadUITests;
				PRODUCT_NAME = "$(TARGET_NAME)";
				SWIFT_VERSION = 5.0;
				TARGETED_DEVICE_FAMILY = "1,2";
				TEST_TARGET_NAME = Unload;
			};
			name = Release;
		};
/* End XCBuildConfiguration section */

/* Begin XCConfigurationList section */
		6F286BA82410B711001DBC08 /* Build configuration list for PBXProject "Unload" */ = {
			isa = XCConfigurationList;
			buildConfigurations = (
				6F286BD52410B713001DBC08 /* Debug */,
				6F286BD62410B713001DBC08 /* Release */,
			);
			defaultConfigurationIsVisible = 0;
			defaultConfigurationName = Release;
		};
		6F286BD72410B713001DBC08 /* Build configuration list for PBXNativeTarget "Unload" */ = {
			isa = XCConfigurationList;
			buildConfigurations = (
				6F286BD82410B713001DBC08 /* Debug */,
				6F286BD92410B713001DBC08 /* Release */,
			);
			defaultConfigurationIsVisible = 0;
			defaultConfigurationName = Release;
		};
		6F286BDA2410B713001DBC08 /* Build configuration list for PBXNativeTarget "UnloadTests" */ = {
			isa = XCConfigurationList;
			buildConfigurations = (
				6F286BDB2410B713001DBC08 /* Debug */,
				6F286BDC2410B713001DBC08 /* Release */,
			);
			defaultConfigurationIsVisible = 0;
			defaultConfigurationName = Release;
		};
		6F286BDD2410B713001DBC08 /* Build configuration list for PBXNativeTarget "UnloadUITests" */ = {
			isa = XCConfigurationList;
			buildConfigurations = (
				6F286BDE2410B713001DBC08 /* Debug */,
				6F286BDF2410B713001DBC08 /* Release */,
			);
			defaultConfigurationIsVisible = 0;
			defaultConfigurationName = Release;
		};
/* End XCConfigurationList section */
	};
	rootObject = 6F286BA52410B711001DBC08 /* Project object */;
}
